
Microsoft Visual Studio Solution File, Format Version 12.00
# Visual Studio 15
VisualStudioVersion = 15.0.27428.2043
MinimumVisualStudioVersion = 10.0.40219.1
Project("{FAE04EC0-301F-11D3-BF4B-00C04F79EFBC}") = "C02F", "C02F\C02F.csproj", "{10B14BEF-DE8E-4795-BEA8-FCC4EA4961E5}"
EndProject
Global
	GlobalSection(SolutionConfigurationPlatforms) = preSolution
		Debug|Any CPU = Debug|Any CPU
		Release|Any CPU = Release|Any CPU
	EndGlobalSection
	GlobalSection(ProjectConfigurationPlatforms) = postSolution
		{10B14BEF-DE8E-4795-BEA8-FCC4EA4961E5}.Debug|Any CPU.ActiveCfg = Debug|Any CPU
		{10B14BEF-DE8E-4795-BEA8-FCC4EA4961E5}.Debug|Any CPU.Build.0 = Debug|Any CPU
		{10B14BEF-DE8E-4795-BEA8-FCC4EA4961E5}.Release|Any CPU.ActiveCfg = Release|Any CPU
		{10B14BEF-DE8E-4795-BEA8-FCC4EA4961E5}.Release|Any CPU.Build.0 = Release|Any CPU
	EndGlobalSection
	GlobalSection(SolutionProperties) = preSolution
		HideSolutionNode = FALSE
	EndGlobalSection
	GlobalSection(ExtensibilityGlobals) = postSolution
		SolutionGuid = {88EE9A0A-80AA-4525-95A8-B266C0F7DDF3}
	EndGlobalSection
EndGlobal
