
Microsoft Visual Studio Solution File, Format Version 12.00
# Visual Studio 15
VisualStudioVersion = 15.0.27130.2027
MinimumVisualStudioVersion = 10.0.40219.1
Project("{FAE04EC0-301F-11D3-BF4B-00C04F79EFBC}") = "C15F", "C15F\C15F.csproj", "{B423DC8B-8B2C-40A6-B9DF-047FA2B16048}"
EndProject
Global
	GlobalSection(SolutionConfigurationPlatforms) = preSolution
		Debug|Any CPU = Debug|Any CPU
		Release|Any CPU = Release|Any CPU
	EndGlobalSection
	GlobalSection(ProjectConfigurationPlatforms) = postSolution
		{B423DC8B-8B2C-40A6-B9DF-047FA2B16048}.Debug|Any CPU.ActiveCfg = Debug|Any CPU
		{B423DC8B-8B2C-40A6-B9DF-047FA2B16048}.Debug|Any CPU.Build.0 = Debug|Any CPU
		{B423DC8B-8B2C-40A6-B9DF-047FA2B16048}.Release|Any CPU.ActiveCfg = Release|Any CPU
		{B423DC8B-8B2C-40A6-B9DF-047FA2B16048}.Release|Any CPU.Build.0 = Release|Any CPU
	EndGlobalSection
	GlobalSection(SolutionProperties) = preSolution
		HideSolutionNode = FALSE
	EndGlobalSection
	GlobalSection(ExtensibilityGlobals) = postSolution
		SolutionGuid = {D986B2E7-D0FF-45C2-B2CE-95ADA9D914A4}
	EndGlobalSection
EndGlobal
