
Microsoft Visual Studio Solution File, Format Version 12.00
# Visual Studio 15
VisualStudioVersion = 15.0.27130.2027
MinimumVisualStudioVersion = 10.0.40219.1
Project("{FAE04EC0-301F-11D3-BF4B-00C04F79EFBC}") = "C13F", "C13F\C13F.csproj", "{48CC4669-A0B0-4CAC-A232-B7CEE8AE9EC5}"
EndProject
Global
	GlobalSection(SolutionConfigurationPlatforms) = preSolution
		Debug|Any CPU = Debug|Any CPU
		Release|Any CPU = Release|Any CPU
	EndGlobalSection
	GlobalSection(ProjectConfigurationPlatforms) = postSolution
		{48CC4669-A0B0-4CAC-A232-B7CEE8AE9EC5}.Debug|Any CPU.ActiveCfg = Debug|Any CPU
		{48CC4669-A0B0-4CAC-A232-B7CEE8AE9EC5}.Debug|Any CPU.Build.0 = Debug|Any CPU
		{48CC4669-A0B0-4CAC-A232-B7CEE8AE9EC5}.Release|Any CPU.ActiveCfg = Release|Any CPU
		{48CC4669-A0B0-4CAC-A232-B7CEE8AE9EC5}.Release|Any CPU.Build.0 = Release|Any CPU
	EndGlobalSection
	GlobalSection(SolutionProperties) = preSolution
		HideSolutionNode = FALSE
	EndGlobalSection
	GlobalSection(ExtensibilityGlobals) = postSolution
		SolutionGuid = {DB727F8D-533C-4ADE-A05B-E6E883EE943D}
	EndGlobalSection
EndGlobal
