
Microsoft Visual Studio Solution File, Format Version 12.00
# Visual Studio 15
VisualStudioVersion = 15.0.27130.2027
MinimumVisualStudioVersion = 10.0.40219.1
Project("{FAE04EC0-301F-11D3-BF4B-00C04F79EFBC}") = "C19F", "C19F\C19F.csproj", "{B265FF4C-A8A5-4A41-8AA7-4D5D227B935E}"
EndProject
Global
	GlobalSection(SolutionConfigurationPlatforms) = preSolution
		Debug|Any CPU = Debug|Any CPU
		Release|Any CPU = Release|Any CPU
	EndGlobalSection
	GlobalSection(ProjectConfigurationPlatforms) = postSolution
		{B265FF4C-A8A5-4A41-8AA7-4D5D227B935E}.Debug|Any CPU.ActiveCfg = Debug|Any CPU
		{B265FF4C-A8A5-4A41-8AA7-4D5D227B935E}.Debug|Any CPU.Build.0 = Debug|Any CPU
		{B265FF4C-A8A5-4A41-8AA7-4D5D227B935E}.Release|Any CPU.ActiveCfg = Release|Any CPU
		{B265FF4C-A8A5-4A41-8AA7-4D5D227B935E}.Release|Any CPU.Build.0 = Release|Any CPU
	EndGlobalSection
	GlobalSection(SolutionProperties) = preSolution
		HideSolutionNode = FALSE
	EndGlobalSection
	GlobalSection(ExtensibilityGlobals) = postSolution
		SolutionGuid = {57EE157A-C753-420D-8AB9-39FA710B6FE2}
	EndGlobalSection
EndGlobal
