
Microsoft Visual Studio Solution File, Format Version 12.00
# Visual Studio 15
VisualStudioVersion = 15.0.27130.2027
MinimumVisualStudioVersion = 10.0.40219.1
Project("{FAE04EC0-301F-11D3-BF4B-00C04F79EFBC}") = "C16F", "C16F\C16F.csproj", "{96490093-87FB-411F-BA99-D6E1A414F66E}"
EndProject
Global
	GlobalSection(SolutionConfigurationPlatforms) = preSolution
		Debug|Any CPU = Debug|Any CPU
		Release|Any CPU = Release|Any CPU
	EndGlobalSection
	GlobalSection(ProjectConfigurationPlatforms) = postSolution
		{96490093-87FB-411F-BA99-D6E1A414F66E}.Debug|Any CPU.ActiveCfg = Debug|Any CPU
		{96490093-87FB-411F-BA99-D6E1A414F66E}.Debug|Any CPU.Build.0 = Debug|Any CPU
		{96490093-87FB-411F-BA99-D6E1A414F66E}.Release|Any CPU.ActiveCfg = Release|Any CPU
		{96490093-87FB-411F-BA99-D6E1A414F66E}.Release|Any CPU.Build.0 = Release|Any CPU
	EndGlobalSection
	GlobalSection(SolutionProperties) = preSolution
		HideSolutionNode = FALSE
	EndGlobalSection
	GlobalSection(ExtensibilityGlobals) = postSolution
		SolutionGuid = {D99659AC-2DD4-4864-BCAA-2AC411AA5214}
	EndGlobalSection
EndGlobal
